
Microsoft Visual Studio Solution File, Format Version 12.00
# Visual Studio Version 16
VisualStudioVersion = 16.0.29613.14
MinimumVisualStudioVersion = 10.0.40219.1
Project("{FAE04EC0-301F-11D3-BF4B-00C04F79EFBC}") = "ShoppingCar", "ShoppingCar\ShoppingCar.csproj", "{37F569DF-05AC-4C28-B7CF-AA0856E556BA}"
EndProject
Global
	GlobalSection(SolutionConfigurationPlatforms) = preSolution
		Debug|Any CPU = Debug|Any CPU
		Release|Any CPU = Release|Any CPU
	EndGlobalSection
	GlobalSection(ProjectConfigurationPlatforms) = postSolution
		{37F569DF-05AC-4C28-B7CF-AA0856E556BA}.Debug|Any CPU.ActiveCfg = Debug|Any CPU
		{37F569DF-05AC-4C28-B7CF-AA0856E556BA}.Debug|Any CPU.Build.0 = Debug|Any CPU
		{37F569DF-05AC-4C28-B7CF-AA0856E556BA}.Release|Any CPU.ActiveCfg = Release|Any CPU
		{37F569DF-05AC-4C28-B7CF-AA0856E556BA}.Release|Any CPU.Build.0 = Release|Any CPU
	EndGlobalSection
	GlobalSection(SolutionProperties) = preSolution
		HideSolutionNode = FALSE
	EndGlobalSection
	GlobalSection(ExtensibilityGlobals) = postSolution
		SolutionGuid = {23B6B00D-8722-42D9-B3A4-1BAB096C200C}
	EndGlobalSection
EndGlobal
